<?xml version="1.0" encoding="UTF-8"?>
<CodeBlocks_project_file>
	<FileVersion major="1" minor="6"/>
	<Project>
		<Option title="CppClinter"/>
		<Option makefile_is_custom="1"/>
		<Option compiler="gcc"/>
		<Option virtualFolders="CMake Files\;CMake Files\..\;CMake Files\..\..\;CMake Files\..\..\..\;CMake Files\..\..\..\..\;CMake Files\..\..\..\..\usr\;CMake Files\..\..\..\..\usr\local\;CMake Files\..\..\..\..\usr\local\lib\;CMake Files\..\..\..\..\usr\local\lib\cmake\;CMake Files\..\..\..\..\usr\local\lib\cmake\Boost-1.71.0\;CMake Files\..\..\..\..\usr\local\lib\cmake\boost_headers-1.71.0\;CMake Files\..\..\..\..\usr\local\lib\cmake\boost_system-1.71.0\;"/>
		<Build>
			<Target title="all">
				<Option working_dir="/Users/daniilnedaiborsch/Code/CppClinter"/>
				<Option type="4"/>
				<MakeCommands>
					<Build command="/usr/bin/make -f &quot;/Users/daniilnedaiborsch/Code/CppClinter/Makefile&quot;  VERBOSE=1 all"/>
					<CompileFile command="/usr/bin/make -f &quot;/Users/daniilnedaiborsch/Code/CppClinter/Makefile&quot;  VERBOSE=1 &quot;$file&quot;"/>
					<Clean command="/usr/bin/make -f &quot;/Users/daniilnedaiborsch/Code/CppClinter/Makefile&quot;  VERBOSE=1 clean"/>
					<DistClean command="/usr/bin/make -f &quot;/Users/daniilnedaiborsch/Code/CppClinter/Makefile&quot;  VERBOSE=1 clean"/>
				</MakeCommands>
			</Target>
			<Target title="rebuild_cache">
				<Option working_dir="/Users/daniilnedaiborsch/Code/CppClinter"/>
				<Option type="4"/>
				<MakeCommands>
					<Build command="/usr/bin/make -f &quot;/Users/daniilnedaiborsch/Code/CppClinter/Makefile&quot;  VERBOSE=1 rebuild_cache"/>
					<CompileFile command="/usr/bin/make -f &quot;/Users/daniilnedaiborsch/Code/CppClinter/Makefile&quot;  VERBOSE=1 &quot;$file&quot;"/>
					<Clean command="/usr/bin/make -f &quot;/Users/daniilnedaiborsch/Code/CppClinter/Makefile&quot;  VERBOSE=1 clean"/>
					<DistClean command="/usr/bin/make -f &quot;/Users/daniilnedaiborsch/Code/CppClinter/Makefile&quot;  VERBOSE=1 clean"/>
				</MakeCommands>
			</Target>
			<Target title="edit_cache">
				<Option working_dir="/Users/daniilnedaiborsch/Code/CppClinter"/>
				<Option type="4"/>
				<MakeCommands>
					<Build command="/usr/bin/make -f &quot;/Users/daniilnedaiborsch/Code/CppClinter/Makefile&quot;  VERBOSE=1 edit_cache"/>
					<CompileFile command="/usr/bin/make -f &quot;/Users/daniilnedaiborsch/Code/CppClinter/Makefile&quot;  VERBOSE=1 &quot;$file&quot;"/>
					<Clean command="/usr/bin/make -f &quot;/Users/daniilnedaiborsch/Code/CppClinter/Makefile&quot;  VERBOSE=1 clean"/>
					<DistClean command="/usr/bin/make -f &quot;/Users/daniilnedaiborsch/Code/CppClinter/Makefile&quot;  VERBOSE=1 clean"/>
				</MakeCommands>
			</Target>
			<Target title="CppClinter">
				<Option output="/Users/daniilnedaiborsch/Code/CppClinter/CppClinter" prefix_auto="0" extension_auto="0"/>
				<Option working_dir="/Users/daniilnedaiborsch/Code/CppClinter"/>
				<Option object_output="./"/>
				<Option type="1"/>
				<Option compiler="gcc"/>
				<Compiler>
					<Add directory="/Users/daniilnedaiborsch/Code/CppClinter"/>
					<Add directory="/usr/local/include"/>
				</Compiler>
				<MakeCommands>
					<Build command="/usr/bin/make -f &quot;/Users/daniilnedaiborsch/Code/CppClinter/Makefile&quot;  VERBOSE=1 CppClinter"/>
					<CompileFile command="/usr/bin/make -f &quot;/Users/daniilnedaiborsch/Code/CppClinter/Makefile&quot;  VERBOSE=1 &quot;$file&quot;"/>
					<Clean command="/usr/bin/make -f &quot;/Users/daniilnedaiborsch/Code/CppClinter/Makefile&quot;  VERBOSE=1 clean"/>
					<DistClean command="/usr/bin/make -f &quot;/Users/daniilnedaiborsch/Code/CppClinter/Makefile&quot;  VERBOSE=1 clean"/>
				</MakeCommands>
			</Target>
			<Target title="CppClinter/fast">
				<Option output="/Users/daniilnedaiborsch/Code/CppClinter/CppClinter" prefix_auto="0" extension_auto="0"/>
				<Option working_dir="/Users/daniilnedaiborsch/Code/CppClinter"/>
				<Option object_output="./"/>
				<Option type="1"/>
				<Option compiler="gcc"/>
				<Compiler>
					<Add directory="/Users/daniilnedaiborsch/Code/CppClinter"/>
					<Add directory="/usr/local/include"/>
				</Compiler>
				<MakeCommands>
					<Build command="/usr/bin/make -f &quot;/Users/daniilnedaiborsch/Code/CppClinter/Makefile&quot;  VERBOSE=1 CppClinter/fast"/>
					<CompileFile command="/usr/bin/make -f &quot;/Users/daniilnedaiborsch/Code/CppClinter/Makefile&quot;  VERBOSE=1 &quot;$file&quot;"/>
					<Clean command="/usr/bin/make -f &quot;/Users/daniilnedaiborsch/Code/CppClinter/Makefile&quot;  VERBOSE=1 clean"/>
					<DistClean command="/usr/bin/make -f &quot;/Users/daniilnedaiborsch/Code/CppClinter/Makefile&quot;  VERBOSE=1 clean"/>
				</MakeCommands>
			</Target>
		</Build>
		<Unit filename="/Users/daniilnedaiborsch/Code/CppClinter/src/Evaluator/Evaluator.cpp">
			<Option target="CppClinter"/>
		</Unit>
		<Unit filename="/Users/daniilnedaiborsch/Code/CppClinter/src/Evaluator/Evaluator.hpp">
			<Option target="CppClinter"/>
		</Unit>
		<Unit filename="/Users/daniilnedaiborsch/Code/CppClinter/src/Evaluator/Token.cpp">
			<Option target="CppClinter"/>
		</Unit>
		<Unit filename="/Users/daniilnedaiborsch/Code/CppClinter/src/Evaluator/Token.hpp">
			<Option target="CppClinter"/>
		</Unit>
		<Unit filename="/Users/daniilnedaiborsch/Code/CppClinter/src/Evaluator/TokenType.cpp">
			<Option target="CppClinter"/>
		</Unit>
		<Unit filename="/Users/daniilnedaiborsch/Code/CppClinter/src/Evaluator/TokenType.hpp">
			<Option target="CppClinter"/>
		</Unit>
		<Unit filename="/Users/daniilnedaiborsch/Code/CppClinter/src/Evaluator/all.hpp">
			<Option target="CppClinter"/>
		</Unit>
		<Unit filename="/Users/daniilnedaiborsch/Code/CppClinter/src/Evaluator/finders.cpp">
			<Option target="CppClinter"/>
		</Unit>
		<Unit filename="/Users/daniilnedaiborsch/Code/CppClinter/src/Evaluator/finders.hpp">
			<Option target="CppClinter"/>
		</Unit>
		<Unit filename="/Users/daniilnedaiborsch/Code/CppClinter/src/Lexer/Lexeme.cpp">
			<Option target="CppClinter"/>
		</Unit>
		<Unit filename="/Users/daniilnedaiborsch/Code/CppClinter/src/Lexer/Lexeme.hpp">
			<Option target="CppClinter"/>
		</Unit>
		<Unit filename="/Users/daniilnedaiborsch/Code/CppClinter/src/Lexer/LexemeType.cpp">
			<Option target="CppClinter"/>
		</Unit>
		<Unit filename="/Users/daniilnedaiborsch/Code/CppClinter/src/Lexer/LexemeType.hpp">
			<Option target="CppClinter"/>
		</Unit>
		<Unit filename="/Users/daniilnedaiborsch/Code/CppClinter/src/Lexer/Lexer.cpp">
			<Option target="CppClinter"/>
		</Unit>
		<Unit filename="/Users/daniilnedaiborsch/Code/CppClinter/src/Lexer/Lexer.hpp">
			<Option target="CppClinter"/>
		</Unit>
		<Unit filename="/Users/daniilnedaiborsch/Code/CppClinter/src/Lexer/all.hpp">
			<Option target="CppClinter"/>
		</Unit>
		<Unit filename="/Users/daniilnedaiborsch/Code/CppClinter/src/Lexer/finders.cpp">
			<Option target="CppClinter"/>
		</Unit>
		<Unit filename="/Users/daniilnedaiborsch/Code/CppClinter/src/Lexer/finders.hpp">
			<Option target="CppClinter"/>
		</Unit>
		<Unit filename="/Users/daniilnedaiborsch/Code/CppClinter/src/Linter/Linter.cpp">
			<Option target="CppClinter"/>
		</Unit>
		<Unit filename="/Users/daniilnedaiborsch/Code/CppClinter/src/Linter/Linter.hpp">
			<Option target="CppClinter"/>
		</Unit>
		<Unit filename="/Users/daniilnedaiborsch/Code/CppClinter/src/Linter/joinStatements.hpp">
			<Option target="CppClinter"/>
		</Unit>
		<Unit filename="/Users/daniilnedaiborsch/Code/CppClinter/src/Parser/Parser.cpp">
			<Option target="CppClinter"/>
		</Unit>
		<Unit filename="/Users/daniilnedaiborsch/Code/CppClinter/src/Parser/Parser.hpp">
			<Option target="CppClinter"/>
		</Unit>
		<Unit filename="/Users/daniilnedaiborsch/Code/CppClinter/src/Slice.hpp">
			<Option target="CppClinter"/>
		</Unit>
		<Unit filename="/Users/daniilnedaiborsch/Code/CppClinter/src/Statements/Arithmetic/findCompleteExpression.cpp">
			<Option target="CppClinter"/>
		</Unit>
		<Unit filename="/Users/daniilnedaiborsch/Code/CppClinter/src/Statements/Arithmetic/findCompleteExpression.hpp">
			<Option target="CppClinter"/>
		</Unit>
		<Unit filename="/Users/daniilnedaiborsch/Code/CppClinter/src/Statements/Arithmetic/linters.cpp">
			<Option target="CppClinter"/>
		</Unit>
		<Unit filename="/Users/daniilnedaiborsch/Code/CppClinter/src/Statements/Arithmetic/linters.hpp">
			<Option target="CppClinter"/>
		</Unit>
		<Unit filename="/Users/daniilnedaiborsch/Code/CppClinter/src/Statements/Block.cpp">
			<Option target="CppClinter"/>
		</Unit>
		<Unit filename="/Users/daniilnedaiborsch/Code/CppClinter/src/Statements/Block.hpp">
			<Option target="CppClinter"/>
		</Unit>
		<Unit filename="/Users/daniilnedaiborsch/Code/CppClinter/src/Statements/Expression.cpp">
			<Option target="CppClinter"/>
		</Unit>
		<Unit filename="/Users/daniilnedaiborsch/Code/CppClinter/src/Statements/Expression.hpp">
			<Option target="CppClinter"/>
		</Unit>
		<Unit filename="/Users/daniilnedaiborsch/Code/CppClinter/src/Statements/Instruction.cpp">
			<Option target="CppClinter"/>
		</Unit>
		<Unit filename="/Users/daniilnedaiborsch/Code/CppClinter/src/Statements/Instruction.hpp">
			<Option target="CppClinter"/>
		</Unit>
		<Unit filename="/Users/daniilnedaiborsch/Code/CppClinter/src/Statements/Statement.cpp">
			<Option target="CppClinter"/>
		</Unit>
		<Unit filename="/Users/daniilnedaiborsch/Code/CppClinter/src/Statements/Statement.hpp">
			<Option target="CppClinter"/>
		</Unit>
		<Unit filename="/Users/daniilnedaiborsch/Code/CppClinter/src/Statements/StatementType.cpp">
			<Option target="CppClinter"/>
		</Unit>
		<Unit filename="/Users/daniilnedaiborsch/Code/CppClinter/src/Statements/StatementType.hpp">
			<Option target="CppClinter"/>
		</Unit>
		<Unit filename="/Users/daniilnedaiborsch/Code/CppClinter/src/Statements/Struct.cpp">
			<Option target="CppClinter"/>
		</Unit>
		<Unit filename="/Users/daniilnedaiborsch/Code/CppClinter/src/Statements/Struct.hpp">
			<Option target="CppClinter"/>
		</Unit>
		<Unit filename="/Users/daniilnedaiborsch/Code/CppClinter/src/Statements/UndefinedLinterException.cpp">
			<Option target="CppClinter"/>
		</Unit>
		<Unit filename="/Users/daniilnedaiborsch/Code/CppClinter/src/Statements/UndefinedLinterException.hpp">
			<Option target="CppClinter"/>
		</Unit>
		<Unit filename="/Users/daniilnedaiborsch/Code/CppClinter/src/Statements/all.cpp">
			<Option target="CppClinter"/>
		</Unit>
		<Unit filename="/Users/daniilnedaiborsch/Code/CppClinter/src/Statements/all.hpp">
			<Option target="CppClinter"/>
		</Unit>
		<Unit filename="/Users/daniilnedaiborsch/Code/CppClinter/src/calphabet.cpp">
			<Option target="CppClinter"/>
		</Unit>
		<Unit filename="/Users/daniilnedaiborsch/Code/CppClinter/src/calphabet.hpp">
			<Option target="CppClinter"/>
		</Unit>
		<Unit filename="/Users/daniilnedaiborsch/Code/CppClinter/src/main.cpp">
			<Option target="CppClinter"/>
		</Unit>
		<Unit filename="/Users/daniilnedaiborsch/Code/CppClinter/CMakeLists.txt">
			<Option virtualFolder="CMake Files\"/>
		</Unit>
		<Unit filename="/Users/daniilnedaiborsch/Code/CppClinter/../../../../usr/local/lib/cmake/BoostDetectToolset-1.71.0.cmake">
			<Option virtualFolder="CMake Files\..\..\..\..\usr\local\lib\cmake\"/>
		</Unit>
		<Unit filename="/Users/daniilnedaiborsch/Code/CppClinter/../../../../usr/local/lib/cmake/Boost-1.71.0/BoostConfig.cmake">
			<Option virtualFolder="CMake Files\..\..\..\..\usr\local\lib\cmake\Boost-1.71.0\"/>
		</Unit>
		<Unit filename="/Users/daniilnedaiborsch/Code/CppClinter/../../../../usr/local/lib/cmake/Boost-1.71.0/BoostConfigVersion.cmake">
			<Option virtualFolder="CMake Files\..\..\..\..\usr\local\lib\cmake\Boost-1.71.0\"/>
		</Unit>
		<Unit filename="/Users/daniilnedaiborsch/Code/CppClinter/../../../../usr/local/lib/cmake/boost_headers-1.71.0/boost_headers-config-version.cmake">
			<Option virtualFolder="CMake Files\..\..\..\..\usr\local\lib\cmake\boost_headers-1.71.0\"/>
		</Unit>
		<Unit filename="/Users/daniilnedaiborsch/Code/CppClinter/../../../../usr/local/lib/cmake/boost_headers-1.71.0/boost_headers-config.cmake">
			<Option virtualFolder="CMake Files\..\..\..\..\usr\local\lib\cmake\boost_headers-1.71.0\"/>
		</Unit>
		<Unit filename="/Users/daniilnedaiborsch/Code/CppClinter/../../../../usr/local/lib/cmake/boost_system-1.71.0/boost_system-config-version.cmake">
			<Option virtualFolder="CMake Files\..\..\..\..\usr\local\lib\cmake\boost_system-1.71.0\"/>
		</Unit>
		<Unit filename="/Users/daniilnedaiborsch/Code/CppClinter/../../../../usr/local/lib/cmake/boost_system-1.71.0/boost_system-config.cmake">
			<Option virtualFolder="CMake Files\..\..\..\..\usr\local\lib\cmake\boost_system-1.71.0\"/>
		</Unit>
		<Unit filename="/Users/daniilnedaiborsch/Code/CppClinter/../../../../usr/local/lib/cmake/boost_system-1.71.0/libboost_system-variant-mt-shared.cmake">
			<Option virtualFolder="CMake Files\..\..\..\..\usr\local\lib\cmake\boost_system-1.71.0\"/>
		</Unit>
		<Unit filename="/Users/daniilnedaiborsch/Code/CppClinter/../../../../usr/local/lib/cmake/boost_system-1.71.0/libboost_system-variant-mt-static.cmake">
			<Option virtualFolder="CMake Files\..\..\..\..\usr\local\lib\cmake\boost_system-1.71.0\"/>
		</Unit>
		<Unit filename="/Users/daniilnedaiborsch/Code/CppClinter/../../../../usr/local/lib/cmake/boost_system-1.71.0/libboost_system-variant-shared.cmake">
			<Option virtualFolder="CMake Files\..\..\..\..\usr\local\lib\cmake\boost_system-1.71.0\"/>
		</Unit>
		<Unit filename="/Users/daniilnedaiborsch/Code/CppClinter/../../../../usr/local/lib/cmake/boost_system-1.71.0/libboost_system-variant-static.cmake">
			<Option virtualFolder="CMake Files\..\..\..\..\usr\local\lib\cmake\boost_system-1.71.0\"/>
		</Unit>
	</Project>
</CodeBlocks_project_file>
